// !$*UTF8*$!
{
	archiveVersion = 1;
	classes = {
	};
	objectVersion = 46;
	objects = {

/* Begin PBXBuildFile section */
		63F9B6CE1EC01178007BD8F4 /* Main.storyboard in Resources */ = {isa = PBXBuildFile; fileRef = 63F9B6CC1EC01178007BD8F4 /* Main.storyboard */; };
		63F9B6D01EC01178007BD8F4 /* Assets.xcassets in Resources */ = {isa = PBXBuildFile; fileRef = 63F9B6CF1EC01178007BD8F4 /* Assets.xcassets */; };
		63F9B6D31EC01178007BD8F4 /* LaunchScreen.storyboard in Resources */ = {isa = PBXBuildFile; fileRef = 63F9B6D11EC01178007BD8F4 /* LaunchScreen.storyboard */; };
		63F9B6DF1EC0148E007BD8F4 /* AppDelegate.swift in Sources */ = {isa = PBXBuildFile; fileRef = 63F9B6DA1EC0148E007BD8F4 /* AppDelegate.swift */; };
		63F9B6E01EC0148E007BD8F4 /* CalculatorViewController.swift in Sources */ = {isa = PBXBuildFile; fileRef = 63F9B6DB1EC0148E007BD8F4 /* CalculatorViewController.swift */; };
		63F9B6E11EC0148E007BD8F4 /* DiscountCalculator.swift in Sources */ = {isa = PBXBuildFile; fileRef = 63F9B6DC1EC0148E007BD8F4 /* DiscountCalculator.swift */; };
		63F9B6E21EC0148E007BD8F4 /* GraphView.swift in Sources */ = {isa = PBXBuildFile; fileRef = 63F9B6DD1EC0148E007BD8F4 /* GraphView.swift */; };
		63F9B6E31EC0148E007BD8F4 /* ResultsViewController.swift in Sources */ = {isa = PBXBuildFile; fileRef = 63F9B6DE1EC0148E007BD8F4 /* ResultsViewController.swift */; };
/* End PBXBuildFile section */

/* Begin PBXFileReference section */
		63F9B6C51EC01178007BD8F4 /* Discount Calculator.app */ = {isa = PBXFileReference; explicitFileType = wrapper.application; includeInIndex = 0; path = "Discount Calculator.app"; sourceTree = BUILT_PRODUCTS_DIR; };
		63F9B6CD1EC01178007BD8F4 /* Base */ = {isa = PBXFileReference; lastKnownFileType = file.storyboard; name = Base; path = Base.lproj/Main.storyboard; sourceTree = "<group>"; };
		63F9B6CF1EC01178007BD8F4 /* Assets.xcassets */ = {isa = PBXFileReference; lastKnownFileType = folder.assetcatalog; path = Assets.xcassets; sourceTree = "<group>"; };
		63F9B6D21EC01178007BD8F4 /* Base */ = {isa = PBXFileReference; lastKnownFileType = file.storyboard; name = Base; path = Base.lproj/LaunchScreen.storyboard; sourceTree = "<group>"; };
		63F9B6D41EC01178007BD8F4 /* Info.plist */ = {isa = PBXFileReference; lastKnownFileType = text.plist.xml; path = Info.plist; sourceTree = "<group>"; };
		63F9B6DA1EC0148E007BD8F4 /* AppDelegate.swift */ = {isa = PBXFileReference; fileEncoding = 4; lastKnownFileType = sourcecode.swift; path = AppDelegate.swift; sourceTree = "<group>"; };
		63F9B6DB1EC0148E007BD8F4 /* CalculatorViewController.swift */ = {isa = PBXFileReference; fileEncoding = 4; lastKnownFileType = sourcecode.swift; path = CalculatorViewController.swift; sourceTree = "<group>"; };
		63F9B6DC1EC0148E007BD8F4 /* DiscountCalculator.swift */ = {isa = PBXFileReference; fileEncoding = 4; lastKnownFileType = sourcecode.swift; path = DiscountCalculator.swift; sourceTree = "<group>"; };
		63F9B6DD1EC0148E007BD8F4 /* GraphView.swift */ = {isa = PBXFileReference; fileEncoding = 4; lastKnownFileType = sourcecode.swift; path = GraphView.swift; sourceTree = "<group>"; };
		63F9B6DE1EC0148E007BD8F4 /* ResultsViewController.swift */ = {isa = PBXFileReference; fileEncoding = 4; lastKnownFileType = sourcecode.swift; path = ResultsViewController.swift; sourceTree = "<group>"; };
/* End PBXFileReference section */

/* Begin PBXFrameworksBuildPhase section */
		63F9B6C21EC01178007BD8F4 /* Frameworks */ = {
			isa = PBXFrameworksBuildPhase;
			buildActionMask = 2147483647;
			files = (
			);
			runOnlyForDeploymentPostprocessing = 0;
		};
/* End PBXFrameworksBuildPhase section */

/* Begin PBXGroup section */
		63F9B6BC1EC01178007BD8F4 = {
			isa = PBXGroup;
			children = (
				63F9B6C71EC01178007BD8F4 /* Discount Calculator */,
				63F9B6C61EC01178007BD8F4 /* Products */,
			);
			sourceTree = "<group>";
		};
		63F9B6C61EC01178007BD8F4 /* Products */ = {
			isa = PBXGroup;
			children = (
				63F9B6C51EC01178007BD8F4 /* Discount Calculator.app */,
			);
			name = Products;
			sourceTree = "<group>";
		};
		63F9B6C71EC01178007BD8F4 /* Discount Calculator */ = {
			isa = PBXGroup;
			children = (
				63F9B6DA1EC0148E007BD8F4 /* AppDelegate.swift */,
				63F9B6DB1EC0148E007BD8F4 /* CalculatorViewController.swift */,
				63F9B6DC1EC0148E007BD8F4 /* DiscountCalculator.swift */,
				63F9B6DD1EC0148E007BD8F4 /* GraphView.swift */,
				63F9B6DE1EC0148E007BD8F4 /* ResultsViewController.swift */,
				63F9B6CC1EC01178007BD8F4 /* Main.storyboard */,
				63F9B6CF1EC01178007BD8F4 /* Assets.xcassets */,
				63F9B6D11EC01178007BD8F4 /* LaunchScreen.storyboard */,
				63F9B6D41EC01178007BD8F4 /* Info.plist */,
			);
			path = "Discount Calculator";
			sourceTree = "<group>";
		};
/* End PBXGroup section */

/* Begin PBXNativeTarget section */
		63F9B6C41EC01178007BD8F4 /* Discount Calculator */ = {
			isa = PBXNativeTarget;
			buildConfigurationList = 63F9B6D71EC01178007BD8F4 /* Build configuration list for PBXNativeTarget "Discount Calculator" */;
			buildPhases = (
				63F9B6C11EC01178007BD8F4 /* Sources */,
				63F9B6C21EC01178007BD8F4 /* Frameworks */,
				63F9B6C31EC01178007BD8F4 /* Resources */,
			);
			buildRules = (
			);
			dependencies = (
			);
			name = "Discount Calculator";
			productName = "Discount Calculator";
			productReference = 63F9B6C51EC01178007BD8F4 /* Discount Calculator.app */;
			productType = "com.apple.product-type.application";
		};
/* End PBXNativeTarget section */

/* Begin PBXProject section */
		63F9B6BD1EC01178007BD8F4 /* Project object */ = {
			isa = PBXProject;
			attributes = {
				LastSwiftUpdateCheck = 0820;
				LastUpgradeCheck = 0820;
				ORGANIZATIONNAME = kristi.chang;
				TargetAttributes = {
					63F9B6C41EC01178007BD8F4 = {
						CreatedOnToolsVersion = 8.2.1;
						LastSwiftMigration = 0820;
						ProvisioningStyle = Automatic;
					};
				};
			};
			buildConfigurationList = 63F9B6C01EC01178007BD8F4 /* Build configuration list for PBXProject "Discount Calculator" */;
			compatibilityVersion = "Xcode 3.2";
			developmentRegion = English;
			hasScannedForEncodings = 0;
			knownRegions = (
				en,
				Base,
			);
			mainGroup = 63F9B6BC1EC01178007BD8F4;
			productRefGroup = 63F9B6C61EC01178007BD8F4 /* Products */;
			projectDirPath = "";
			projectRoot = "";
			targets = (
				63F9B6C41EC01178007BD8F4 /* Discount Calculator */,
			);
		};
/* End PBXProject section */

/* Begin PBXResourcesBuildPhase section */
		63F9B6C31EC01178007BD8F4 /* Resources */ = {
			isa = PBXResourcesBuildPhase;
			buildActionMask = 2147483647;
			files = (
				63F9B6D31EC01178007BD8F4 /* LaunchScreen.storyboard in Resources */,
				63F9B6D01EC01178007BD8F4 /* Assets.xcassets in Resources */,
				63F9B6CE1EC01178007BD8F4 /* Main.storyboard in Resources */,
			);
			runOnlyForDeploymentPostprocessing = 0;
		};
/* End PBXResourcesBuildPhase section */

/* Begin PBXSourcesBuildPhase section */
		63F9B6C11EC01178007BD8F4 /* Sources */ = {
			isa = PBXSourcesBuildPhase;
			buildActionMask = 2147483647;
			files = (
				63F9B6E11EC0148E007BD8F4 /* DiscountCalculator.swift in Sources */,
				63F9B6E01EC0148E007BD8F4 /* CalculatorViewController.swift in Sources */,
				63F9B6DF1EC0148E007BD8F4 /* AppDelegate.swift in Sources */,
				63F9B6E31EC0148E007BD8F4 /* ResultsViewController.swift in Sources */,
				63F9B6E21EC0148E007BD8F4 /* GraphView.swift in Sources */,
			);
			runOnlyForDeploymentPostprocessing = 0;
		};
/* End PBXSourcesBuildPhase section */

/* Begin PBXVariantGroup section */
		63F9B6CC1EC01178007BD8F4 /* Main.storyboard */ = {
			isa = PBXVariantGroup;
			children = (
				63F9B6CD1EC01178007BD8F4 /* Base */,
			);
			name = Main.storyboard;
			sourceTree = "<group>";
		};
		63F9B6D11EC01178007BD8F4 /* LaunchScreen.storyboard */ = {
			isa = PBXVariantGroup;
			children = (
				63F9B6D21EC01178007BD8F4 /* Base */,
			);
			name = LaunchScreen.storyboard;
			sourceTree = "<group>";
		};
/* End PBXVariantGroup section */

/* Begin XCBuildConfiguration section */
		63F9B6D51EC01178007BD8F4 /* Debug */ = {
			isa = XCBuildConfiguration;
			buildSettings = {
				ALWAYS_SEARCH_USER_PATHS = NO;
				CLANG_ANALYZER_NONNULL = YES;
				CLANG_CXX_LANGUAGE_STANDARD = "gnu++0x";
				CLANG_CXX_LIBRARY = "libc++";
				CLANG_ENABLE_MODULES = YES;
				CLANG_ENABLE_OBJC_ARC = YES;
				CLANG_WARN_BOOL_CONVERSION = YES;
				CLANG_WARN_CONSTANT_CONVERSION = YES;
				CLANG_WARN_DIRECT_OBJC_ISA_USAGE = YES_ERROR;
				CLANG_WARN_DOCUMENTATION_COMMENTS = YES;
				CLANG_WARN_EMPTY_BODY = YES;
				CLANG_WARN_ENUM_CONVERSION = YES;
				CLANG_WARN_INFINITE_RECURSION = YES;
				CLANG_WARN_INT_CONVERSION = YES;
				CLANG_WARN_OBJC_ROOT_CLASS = YES_ERROR;
				CLANG_WARN_SUSPICIOUS_MOVE = YES;
				CLANG_WARN_UNREACHABLE_CODE = YES;
				CLANG_WARN__DUPLICATE_METHOD_MATCH = YES;
				"CODE_SIGN_IDENTITY[sdk=iphoneos*]" = "iPhone Developer";
				COPY_PHASE_STRIP = NO;
				DEBUG_INFORMATION_FORMAT = dwarf;
				ENABLE_STRICT_OBJC_MSGSEND = YES;
				ENABLE_TESTABILITY = YES;
				GCC_C_LANGUAGE_STANDARD = gnu99;
				GCC_DYNAMIC_NO_PIC = NO;
				GCC_NO_COMMON_BLOCKS = YES;
				GCC_OPTIMIZATION_LEVEL = 0;
				GCC_PREPROCESSOR_DEFINITIONS = (
					"DEBUG=1",
					"$(inherited)",
				);
				GCC_WARN_64_TO_32_BIT_CONVERSION = YES;
				GCC_WARN_ABOUT_RETURN_TYPE = YES_ERROR;
				GCC_WARN_UNDECLARED_SELECTOR = YES;
				GCC_WARN_UNINITIALIZED_AUTOS = YES_AGGRESSIVE;
				GCC_WARN_UNUSED_FUNCTION = YES;
				GCC_WARN_UNUSED_VARIABLE = YES;
				IPHONEOS_DEPLOYMENT_TARGET = 10.2;
				MTL_ENABLE_DEBUG_INFO = YES;
				ONLY_ACTIVE_ARCH = YES;
				SDKROOT = iphoneos;
				SWIFT_ACTIVE_COMPILATION_CONDITIONS = DEBUG;
				SWIFT_OPTIMIZATION_LEVEL = "-Onone";
				TARGETED_DEVICE_FAMILY = "1,2";
			};
			name = Debug;
		};
		63F9B6D61EC01178007BD8F4 /* Release */ = {
			isa = XCBuildConfiguration;
			buildSettings = {
				ALWAYS_SEARCH_USER_PATHS = NO;
				CLANG_ANALYZER_NONNULL = YES;
				CLANG_CXX_LANGUAGE_STANDARD = "gnu++0x";
				CLANG_CXX_LIBRARY = "libc++";
				CLANG_ENABLE_MODULES = YES;
				CLANG_ENABLE_OBJC_ARC = YES;
				CLANG_WARN_BOOL_CONVERSION = YES;
				CLANG_WARN_CONSTANT_CONVERSION = YES;
				CLANG_WARN_DIRECT_OBJC_ISA_USAGE = YES_ERROR;
				CLANG_WARN_DOCUMENTATION_COMMENTS = YES;
				CLANG_WARN_EMPTY_BODY = YES;
				CLANG_WARN_ENUM_CONVERSION = YES;
				CLANG_WARN_INFINITE_RECURSION = YES;
				CLANG_WARN_INT_CONVERSION = YES;
				CLANG_WARN_OBJC_ROOT_CLASS = YES_ERROR;
				CLANG_WARN_SUSPICIOUS_MOVE = YES;
				CLANG_WARN_UNREACHABLE_CODE = YES;
				CLANG_WARN__DUPLICATE_METHOD_MATCH = YES;
				"CODE_SIGN_IDENTITY[sdk=iphoneos*]" = "iPhone Developer";
				COPY_PHASE_STRIP = NO;
				DEBUG_INFORMATION_FORMAT = "dwarf-with-dsym";
				ENABLE_NS_ASSERTIONS = NO;
				ENABLE_STRICT_OBJC_MSGSEND = YES;
				GCC_C_LANGUAGE_STANDARD = gnu99;
				GCC_NO_COMMON_BLOCKS = YES;
				GCC_WARN_64_TO_32_BIT_CONVERSION = YES;
				GCC_WARN_ABOUT_RETURN_TYPE = YES_ERROR;
				GCC_WARN_UNDECLARED_SELECTOR = YES;
				GCC_WARN_UNINITIALIZED_AUTOS = YES_AGGRESSIVE;
				GCC_WARN_UNUSED_FUNCTION = YES;
				GCC_WARN_UNUSED_VARIABLE = YES;
				IPHONEOS_DEPLOYMENT_TARGET = 10.2;
				MTL_ENABLE_DEBUG_INFO = NO;
				SDKROOT = iphoneos;
				SWIFT_OPTIMIZATION_LEVEL = "-Owholemodule";
				TARGETED_DEVICE_FAMILY = "1,2";
				VALIDATE_PRODUCT = YES;
			};
			name = Release;
		};
		63F9B6D81EC01178007BD8F4 /* Debug */ = {
			isa = XCBuildConfiguration;
			buildSettings = {
				ASSETCATALOG_COMPILER_APPICON_NAME = AppIcon;
				CLANG_ENABLE_MODULES = YES;
				INFOPLIST_FILE = "Discount Calculator/Info.plist";
				LD_RUNPATH_SEARCH_PATHS = "$(inherited) @executable_path/Frameworks";
				PRODUCT_BUNDLE_IDENTIFIER = "com.example.Discount-Calculator";
				PRODUCT_NAME = "$(TARGET_NAME)";
				SWIFT_OPTIMIZATION_LEVEL = "-Onone";
				SWIFT_VERSION = 3.0;
			};
			name = Debug;
		};
		63F9B6D91EC01178007BD8F4 /* Release */ = {
			isa = XCBuildConfiguration;
			buildSettings = {
				ASSETCATALOG_COMPILER_APPICON_NAME = AppIcon;
				CLANG_ENABLE_MODULES = YES;
				INFOPLIST_FILE = "Discount Calculator/Info.plist";
				LD_RUNPATH_SEARCH_PATHS = "$(inherited) @executable_path/Frameworks";
				PRODUCT_BUNDLE_IDENTIFIER = "com.example.Discount-Calculator";
				PRODUCT_NAME = "$(TARGET_NAME)";
				SWIFT_VERSION = 3.0;
			};
			name = Release;
		};
/* End XCBuildConfiguration section */

/* Begin XCConfigurationList section */
		63F9B6C01EC01178007BD8F4 /* Build configuration list for PBXProject "Discount Calculator" */ = {
			isa = XCConfigurationList;
			buildConfigurations = (
				63F9B6D51EC01178007BD8F4 /* Debug */,
				63F9B6D61EC01178007BD8F4 /* Release */,
			);
			defaultConfigurationIsVisible = 0;
			defaultConfigurationName = Release;
		};
		63F9B6D71EC01178007BD8F4 /* Build configuration list for PBXNativeTarget "Discount Calculator" */ = {
			isa = XCConfigurationList;
			buildConfigurations = (
				63F9B6D81EC01178007BD8F4 /* Debug */,
				63F9B6D91EC01178007BD8F4 /* Release */,
			);
			defaultConfigurationIsVisible = 0;
		};
/* End XCConfigurationList section */
	};
	rootObject = 63F9B6BD1EC01178007BD8F4 /* Project object */;
}
